
Microsoft Visual Studio Solution File, Format Version 12.00
# Visual Studio Version 17
VisualStudioVersion = 17.4.33205.214
MinimumVisualStudioVersion = 10.0.40219.1
Project("{9A19103F-16F7-4668-BE54-9A1E7A4F7556}") = "ProyectoConsolaB", "ProyectoConsolaB\ProyectoConsolaB.csproj", "{20208D38-1DC2-4162-A224-C221B4E82206}"
EndProject
Project("{9A19103F-16F7-4668-BE54-9A1E7A4F7556}") = "ProyectoEscritorioB", "ProyectoEscritorioB\ProyectoEscritorioB.csproj", "{3DEE1086-B95F-43BC-92FA-2173E2D2F782}"
EndProject
Project("{2150E333-8FDC-42A3-9474-1A3956D46DE8}") = "Proyectos Consola", "Proyectos Consola", "{F29509FF-59C9-4341-95B7-F3975E8BE734}"
EndProject
Project("{2150E333-8FDC-42A3-9474-1A3956D46DE8}") = "Proyectos Escritorio", "Proyectos Escritorio", "{50698EA0-54FB-4DC3-9489-61CA3571F950}"
EndProject
Project("{2150E333-8FDC-42A3-9474-1A3956D46DE8}") = "Proyectos Web", "Proyectos Web", "{28789135-73FB-49BF-928A-72603143912E}"
EndProject
Project("{9A19103F-16F7-4668-BE54-9A1E7A4F7556}") = "ProyectoWebB", "ProyectoWebB\ProyectoWebB.csproj", "{A64A7A70-DAFB-40D9-A7BD-C8F5033068BC}"
EndProject
Project("{2150E333-8FDC-42A3-9474-1A3956D46DE8}") = "SistemaVentas", "SistemaVentas", "{D1D591CF-57EC-4F96-BC5E-4EAA259C7615}"
EndProject
Project("{2150E333-8FDC-42A3-9474-1A3956D46DE8}") = "MS", "MS", "{2072DA2D-61CD-4487-80AA-4D6429C04AD6}"
EndProject
Project("{2150E333-8FDC-42A3-9474-1A3956D46DE8}") = "MsPersonas", "MsPersonas", "{F9A71713-5E3A-4AD6-93D2-6CD42C830669}"
EndProject
Project("{2150E333-8FDC-42A3-9474-1A3956D46DE8}") = "MsAlmacen", "MsAlmacen", "{9C72DEFD-2307-4443-912B-DB4FAB8F30AA}"
EndProject
Project("{2150E333-8FDC-42A3-9474-1A3956D46DE8}") = "MsVentas", "MsVentas", "{38DD01D5-9747-4D54-8240-C10D67218AB2}"
EndProject
Project("{2150E333-8FDC-42A3-9474-1A3956D46DE8}") = "MsContabilidad", "MsContabilidad", "{ADA9F5FA-AABE-4A26-9D44-34E4A58DF0BD}"
EndProject
Project("{9A19103F-16F7-4668-BE54-9A1E7A4F7556}") = "Ms.Almacen.Api", "Ms.Almacen.Api\Ms.Almacen.Api.csproj", "{BCCC4F3B-11F5-42DE-8514-3CC69566CECC}"
EndProject
Project("{9A19103F-16F7-4668-BE54-9A1E7A4F7556}") = "Ms.Almacen.Aplicacion", "Ms.Almacen.Aplicacion\Ms.Almacen.Aplicacion.csproj", "{5C447BFC-6642-4645-9A4C-A316D3653D19}"
EndProject
Project("{2150E333-8FDC-42A3-9474-1A3956D46DE8}") = "Sistema", "Sistema", "{C1EE6B29-BD44-43C1-9C6D-884F443A5549}"
EndProject
Project("{2150E333-8FDC-42A3-9474-1A3956D46DE8}") = "MS", "MS", "{4819275C-1F48-4888-90E9-C64890E8AE3C}"
EndProject
Project("{9A19103F-16F7-4668-BE54-9A1E7A4F7556}") = "TDB.Ms.Producto.Api", "TDB.Ms.Producto.Api\TDB.Ms.Producto.Api.csproj", "{DFC7AAF0-7A5B-4DAD-BC34-3C84833F6B4C}"
EndProject
Project("{9A19103F-16F7-4668-BE54-9A1E7A4F7556}") = "TDB.Ms.Producto.Dominio", "TDB.Ms.Producto.Dominio\TDB.Ms.Producto.Dominio.csproj", "{18F75423-CC84-4487-8376-2B447E899D35}"
EndProject
Project("{9A19103F-16F7-4668-BE54-9A1E7A4F7556}") = "TDB.Ms.Producto.Infraestructura", "TDB.Ms.Producto.Infraestructura\TDB.Ms.Producto.Infraestructura.csproj", "{53A5D15A-070F-4E1E-B7A6-BF44D3A128E2}"
EndProject
Project("{9A19103F-16F7-4668-BE54-9A1E7A4F7556}") = "TDB.Ms.Producto.Aplicacion", "TDB.Ms.Producto.Aplicacion\TDB.Ms.Producto.Aplicacion.csproj", "{B63E36D4-5521-46BC-8F8C-B68BEA60344B}"
EndProject
Project("{2150E333-8FDC-42A3-9474-1A3956D46DE8}") = "MsProducto", "MsProducto", "{F2CD067D-8A6F-4903-9658-34E64AB3893A}"
EndProject
Project("{2150E333-8FDC-42A3-9474-1A3956D46DE8}") = "MsCliente", "MsCliente", "{4A24E74B-44C2-41B6-8173-A7B90F1634C4}"
EndProject
Global
	GlobalSection(SolutionConfigurationPlatforms) = preSolution
		Debug|Any CPU = Debug|Any CPU
		Release|Any CPU = Release|Any CPU
	EndGlobalSection
	GlobalSection(ProjectConfigurationPlatforms) = postSolution
		{20208D38-1DC2-4162-A224-C221B4E82206}.Debug|Any CPU.ActiveCfg = Debug|Any CPU
		{20208D38-1DC2-4162-A224-C221B4E82206}.Debug|Any CPU.Build.0 = Debug|Any CPU
		{20208D38-1DC2-4162-A224-C221B4E82206}.Release|Any CPU.ActiveCfg = Release|Any CPU
		{20208D38-1DC2-4162-A224-C221B4E82206}.Release|Any CPU.Build.0 = Release|Any CPU
		{3DEE1086-B95F-43BC-92FA-2173E2D2F782}.Debug|Any CPU.ActiveCfg = Debug|Any CPU
		{3DEE1086-B95F-43BC-92FA-2173E2D2F782}.Debug|Any CPU.Build.0 = Debug|Any CPU
		{3DEE1086-B95F-43BC-92FA-2173E2D2F782}.Release|Any CPU.ActiveCfg = Release|Any CPU
		{3DEE1086-B95F-43BC-92FA-2173E2D2F782}.Release|Any CPU.Build.0 = Release|Any CPU
		{A64A7A70-DAFB-40D9-A7BD-C8F5033068BC}.Debug|Any CPU.ActiveCfg = Debug|Any CPU
		{A64A7A70-DAFB-40D9-A7BD-C8F5033068BC}.Debug|Any CPU.Build.0 = Debug|Any CPU
		{A64A7A70-DAFB-40D9-A7BD-C8F5033068BC}.Release|Any CPU.ActiveCfg = Release|Any CPU
		{A64A7A70-DAFB-40D9-A7BD-C8F5033068BC}.Release|Any CPU.Build.0 = Release|Any CPU
		{BCCC4F3B-11F5-42DE-8514-3CC69566CECC}.Debug|Any CPU.ActiveCfg = Debug|Any CPU
		{BCCC4F3B-11F5-42DE-8514-3CC69566CECC}.Debug|Any CPU.Build.0 = Debug|Any CPU
		{BCCC4F3B-11F5-42DE-8514-3CC69566CECC}.Release|Any CPU.ActiveCfg = Release|Any CPU
		{BCCC4F3B-11F5-42DE-8514-3CC69566CECC}.Release|Any CPU.Build.0 = Release|Any CPU
		{5C447BFC-6642-4645-9A4C-A316D3653D19}.Debug|Any CPU.ActiveCfg = Debug|Any CPU
		{5C447BFC-6642-4645-9A4C-A316D3653D19}.Debug|Any CPU.Build.0 = Debug|Any CPU
		{5C447BFC-6642-4645-9A4C-A316D3653D19}.Release|Any CPU.ActiveCfg = Release|Any CPU
		{5C447BFC-6642-4645-9A4C-A316D3653D19}.Release|Any CPU.Build.0 = Release|Any CPU
		{DFC7AAF0-7A5B-4DAD-BC34-3C84833F6B4C}.Debug|Any CPU.ActiveCfg = Debug|Any CPU
		{DFC7AAF0-7A5B-4DAD-BC34-3C84833F6B4C}.Debug|Any CPU.Build.0 = Debug|Any CPU
		{DFC7AAF0-7A5B-4DAD-BC34-3C84833F6B4C}.Release|Any CPU.ActiveCfg = Release|Any CPU
		{DFC7AAF0-7A5B-4DAD-BC34-3C84833F6B4C}.Release|Any CPU.Build.0 = Release|Any CPU
		{18F75423-CC84-4487-8376-2B447E899D35}.Debug|Any CPU.ActiveCfg = Debug|Any CPU
		{18F75423-CC84-4487-8376-2B447E899D35}.Debug|Any CPU.Build.0 = Debug|Any CPU
		{18F75423-CC84-4487-8376-2B447E899D35}.Release|Any CPU.ActiveCfg = Release|Any CPU
		{18F75423-CC84-4487-8376-2B447E899D35}.Release|Any CPU.Build.0 = Release|Any CPU
		{53A5D15A-070F-4E1E-B7A6-BF44D3A128E2}.Debug|Any CPU.ActiveCfg = Debug|Any CPU
		{53A5D15A-070F-4E1E-B7A6-BF44D3A128E2}.Debug|Any CPU.Build.0 = Debug|Any CPU
		{53A5D15A-070F-4E1E-B7A6-BF44D3A128E2}.Release|Any CPU.ActiveCfg = Release|Any CPU
		{53A5D15A-070F-4E1E-B7A6-BF44D3A128E2}.Release|Any CPU.Build.0 = Release|Any CPU
		{B63E36D4-5521-46BC-8F8C-B68BEA60344B}.Debug|Any CPU.ActiveCfg = Debug|Any CPU
		{B63E36D4-5521-46BC-8F8C-B68BEA60344B}.Debug|Any CPU.Build.0 = Debug|Any CPU
		{B63E36D4-5521-46BC-8F8C-B68BEA60344B}.Release|Any CPU.ActiveCfg = Release|Any CPU
		{B63E36D4-5521-46BC-8F8C-B68BEA60344B}.Release|Any CPU.Build.0 = Release|Any CPU
	EndGlobalSection
	GlobalSection(SolutionProperties) = preSolution
		HideSolutionNode = FALSE
	EndGlobalSection
	GlobalSection(NestedProjects) = preSolution
		{20208D38-1DC2-4162-A224-C221B4E82206} = {F29509FF-59C9-4341-95B7-F3975E8BE734}
		{3DEE1086-B95F-43BC-92FA-2173E2D2F782} = {50698EA0-54FB-4DC3-9489-61CA3571F950}
		{A64A7A70-DAFB-40D9-A7BD-C8F5033068BC} = {28789135-73FB-49BF-928A-72603143912E}
		{2072DA2D-61CD-4487-80AA-4D6429C04AD6} = {D1D591CF-57EC-4F96-BC5E-4EAA259C7615}
		{F9A71713-5E3A-4AD6-93D2-6CD42C830669} = {2072DA2D-61CD-4487-80AA-4D6429C04AD6}
		{9C72DEFD-2307-4443-912B-DB4FAB8F30AA} = {2072DA2D-61CD-4487-80AA-4D6429C04AD6}
		{38DD01D5-9747-4D54-8240-C10D67218AB2} = {2072DA2D-61CD-4487-80AA-4D6429C04AD6}
		{ADA9F5FA-AABE-4A26-9D44-34E4A58DF0BD} = {2072DA2D-61CD-4487-80AA-4D6429C04AD6}
		{BCCC4F3B-11F5-42DE-8514-3CC69566CECC} = {9C72DEFD-2307-4443-912B-DB4FAB8F30AA}
		{5C447BFC-6642-4645-9A4C-A316D3653D19} = {9C72DEFD-2307-4443-912B-DB4FAB8F30AA}
		{4819275C-1F48-4888-90E9-C64890E8AE3C} = {C1EE6B29-BD44-43C1-9C6D-884F443A5549}
		{DFC7AAF0-7A5B-4DAD-BC34-3C84833F6B4C} = {F2CD067D-8A6F-4903-9658-34E64AB3893A}
		{18F75423-CC84-4487-8376-2B447E899D35} = {F2CD067D-8A6F-4903-9658-34E64AB3893A}
		{53A5D15A-070F-4E1E-B7A6-BF44D3A128E2} = {F2CD067D-8A6F-4903-9658-34E64AB3893A}
		{B63E36D4-5521-46BC-8F8C-B68BEA60344B} = {F2CD067D-8A6F-4903-9658-34E64AB3893A}
		{F2CD067D-8A6F-4903-9658-34E64AB3893A} = {4819275C-1F48-4888-90E9-C64890E8AE3C}
		{4A24E74B-44C2-41B6-8173-A7B90F1634C4} = {4819275C-1F48-4888-90E9-C64890E8AE3C}
	EndGlobalSection
	GlobalSection(ExtensibilityGlobals) = postSolution
		SolutionGuid = {C9704D7A-3F1B-4A03-AE09-E42262D1F8B1}
	EndGlobalSection
EndGlobal
