
Microsoft Visual Studio Solution File, Format Version 12.00
# Visual Studio Version 17
VisualStudioVersion = 17.4.33205.214
MinimumVisualStudioVersion = 10.0.40219.1
Project("{2150E333-8FDC-42A3-9474-1A3956D46DE8}") = "Sistema", "Sistema", "{C1EE6B29-BD44-43C1-9C6D-884F443A5549}"
EndProject
Project("{2150E333-8FDC-42A3-9474-1A3956D46DE8}") = "MS", "MS", "{4819275C-1F48-4888-90E9-C64890E8AE3C}"
EndProject
Project("{9A19103F-16F7-4668-BE54-9A1E7A4F7556}") = "TDB.Ms.Producto.Api", "TDB.Ms.Producto.Api\TDB.Ms.Producto.Api.csproj", "{DFC7AAF0-7A5B-4DAD-BC34-3C84833F6B4C}"
EndProject
Project("{9A19103F-16F7-4668-BE54-9A1E7A4F7556}") = "TDB.Ms.Producto.Dominio", "TDB.Ms.Producto.Dominio\TDB.Ms.Producto.Dominio.csproj", "{18F75423-CC84-4487-8376-2B447E899D35}"
EndProject
Project("{9A19103F-16F7-4668-BE54-9A1E7A4F7556}") = "TDB.Ms.Producto.Infraestructura", "TDB.Ms.Producto.Infraestructura\TDB.Ms.Producto.Infraestructura.csproj", "{53A5D15A-070F-4E1E-B7A6-BF44D3A128E2}"
EndProject
Project("{9A19103F-16F7-4668-BE54-9A1E7A4F7556}") = "TDB.Ms.Producto.Aplicacion", "TDB.Ms.Producto.Aplicacion\TDB.Ms.Producto.Aplicacion.csproj", "{B63E36D4-5521-46BC-8F8C-B68BEA60344B}"
EndProject
Project("{2150E333-8FDC-42A3-9474-1A3956D46DE8}") = "MsProductos", "MsProductos", "{F2CD067D-8A6F-4903-9658-34E64AB3893A}"
EndProject
Project("{2150E333-8FDC-42A3-9474-1A3956D46DE8}") = "MsClientes", "MsClientes", "{4A24E74B-44C2-41B6-8173-A7B90F1634C4}"
EndProject
Project("{9A19103F-16F7-4668-BE54-9A1E7A4F7556}") = "TDB.Ms.Clientes.Infraestructura", "TDB.Ms.Clientes.Infraestructura\TDB.Ms.Clientes.Infraestructura.csproj", "{9CBD28E1-4DF4-4743-B33C-0D714EFF785C}"
EndProject
Project("{9A19103F-16F7-4668-BE54-9A1E7A4F7556}") = "TDB.Ms.Clientes.Dominio", "TDB.Ms.Clientes.Dominio\TDB.Ms.Clientes.Dominio.csproj", "{ABB60129-F63B-4A77-BDE9-49EA1C450AD7}"
EndProject
Project("{9A19103F-16F7-4668-BE54-9A1E7A4F7556}") = "TDB.Ms.Clientes.Aplicacion", "TDB.Ms.Clientes.Aplicacion\TDB.Ms.Clientes.Aplicacion.csproj", "{A68B298B-3C0F-466D-ABD6-C832079F49F4}"
EndProject
Project("{9A19103F-16F7-4668-BE54-9A1E7A4F7556}") = "TDB.Ms.Cliente.Api", "TDB.Ms.Clientes.Api\TDB.Ms.Cliente.Api.csproj", "{EEA205C5-3367-4CCA-AA76-94B9C32E017F}"
EndProject
Project("{2150E333-8FDC-42A3-9474-1A3956D46DE8}") = "API Gateway", "API Gateway", "{1C0F21C1-9572-43F8-8012-01C360EC2CD4}"
EndProject
Project("{9A19103F-16F7-4668-BE54-9A1E7A4F7556}") = "TDB.Gateway.Aplicacion", "TDB.Gateway.Aplicacion\TDB.Gateway.Aplicacion.csproj", "{2C7EF1F4-7AF0-4E98-92F2-7EBFB85A7452}"
EndProject
Project("{9A19103F-16F7-4668-BE54-9A1E7A4F7556}") = "TDB.Gateway.Api", "TDB.Gateway.Api\TDB.Gateway.Api.csproj", "{89852BC4-A6ED-4D21-9EEC-5EC28E6DC34B}"
EndProject
Global
	GlobalSection(SolutionConfigurationPlatforms) = preSolution
		Debug|Any CPU = Debug|Any CPU
		Release|Any CPU = Release|Any CPU
	EndGlobalSection
	GlobalSection(ProjectConfigurationPlatforms) = postSolution
		{DFC7AAF0-7A5B-4DAD-BC34-3C84833F6B4C}.Debug|Any CPU.ActiveCfg = Debug|Any CPU
		{DFC7AAF0-7A5B-4DAD-BC34-3C84833F6B4C}.Debug|Any CPU.Build.0 = Debug|Any CPU
		{DFC7AAF0-7A5B-4DAD-BC34-3C84833F6B4C}.Release|Any CPU.ActiveCfg = Release|Any CPU
		{DFC7AAF0-7A5B-4DAD-BC34-3C84833F6B4C}.Release|Any CPU.Build.0 = Release|Any CPU
		{18F75423-CC84-4487-8376-2B447E899D35}.Debug|Any CPU.ActiveCfg = Debug|Any CPU
		{18F75423-CC84-4487-8376-2B447E899D35}.Debug|Any CPU.Build.0 = Debug|Any CPU
		{18F75423-CC84-4487-8376-2B447E899D35}.Release|Any CPU.ActiveCfg = Release|Any CPU
		{18F75423-CC84-4487-8376-2B447E899D35}.Release|Any CPU.Build.0 = Release|Any CPU
		{53A5D15A-070F-4E1E-B7A6-BF44D3A128E2}.Debug|Any CPU.ActiveCfg = Debug|Any CPU
		{53A5D15A-070F-4E1E-B7A6-BF44D3A128E2}.Debug|Any CPU.Build.0 = Debug|Any CPU
		{53A5D15A-070F-4E1E-B7A6-BF44D3A128E2}.Release|Any CPU.ActiveCfg = Release|Any CPU
		{53A5D15A-070F-4E1E-B7A6-BF44D3A128E2}.Release|Any CPU.Build.0 = Release|Any CPU
		{B63E36D4-5521-46BC-8F8C-B68BEA60344B}.Debug|Any CPU.ActiveCfg = Debug|Any CPU
		{B63E36D4-5521-46BC-8F8C-B68BEA60344B}.Debug|Any CPU.Build.0 = Debug|Any CPU
		{B63E36D4-5521-46BC-8F8C-B68BEA60344B}.Release|Any CPU.ActiveCfg = Release|Any CPU
		{B63E36D4-5521-46BC-8F8C-B68BEA60344B}.Release|Any CPU.Build.0 = Release|Any CPU
		{9CBD28E1-4DF4-4743-B33C-0D714EFF785C}.Debug|Any CPU.ActiveCfg = Debug|Any CPU
		{9CBD28E1-4DF4-4743-B33C-0D714EFF785C}.Debug|Any CPU.Build.0 = Debug|Any CPU
		{9CBD28E1-4DF4-4743-B33C-0D714EFF785C}.Release|Any CPU.ActiveCfg = Release|Any CPU
		{9CBD28E1-4DF4-4743-B33C-0D714EFF785C}.Release|Any CPU.Build.0 = Release|Any CPU
		{ABB60129-F63B-4A77-BDE9-49EA1C450AD7}.Debug|Any CPU.ActiveCfg = Debug|Any CPU
		{ABB60129-F63B-4A77-BDE9-49EA1C450AD7}.Debug|Any CPU.Build.0 = Debug|Any CPU
		{ABB60129-F63B-4A77-BDE9-49EA1C450AD7}.Release|Any CPU.ActiveCfg = Release|Any CPU
		{ABB60129-F63B-4A77-BDE9-49EA1C450AD7}.Release|Any CPU.Build.0 = Release|Any CPU
		{A68B298B-3C0F-466D-ABD6-C832079F49F4}.Debug|Any CPU.ActiveCfg = Debug|Any CPU
		{A68B298B-3C0F-466D-ABD6-C832079F49F4}.Debug|Any CPU.Build.0 = Debug|Any CPU
		{A68B298B-3C0F-466D-ABD6-C832079F49F4}.Release|Any CPU.ActiveCfg = Release|Any CPU
		{A68B298B-3C0F-466D-ABD6-C832079F49F4}.Release|Any CPU.Build.0 = Release|Any CPU
		{EEA205C5-3367-4CCA-AA76-94B9C32E017F}.Debug|Any CPU.ActiveCfg = Debug|Any CPU
		{EEA205C5-3367-4CCA-AA76-94B9C32E017F}.Debug|Any CPU.Build.0 = Debug|Any CPU
		{EEA205C5-3367-4CCA-AA76-94B9C32E017F}.Release|Any CPU.ActiveCfg = Release|Any CPU
		{EEA205C5-3367-4CCA-AA76-94B9C32E017F}.Release|Any CPU.Build.0 = Release|Any CPU
		{2C7EF1F4-7AF0-4E98-92F2-7EBFB85A7452}.Debug|Any CPU.ActiveCfg = Debug|Any CPU
		{2C7EF1F4-7AF0-4E98-92F2-7EBFB85A7452}.Debug|Any CPU.Build.0 = Debug|Any CPU
		{2C7EF1F4-7AF0-4E98-92F2-7EBFB85A7452}.Release|Any CPU.ActiveCfg = Release|Any CPU
		{2C7EF1F4-7AF0-4E98-92F2-7EBFB85A7452}.Release|Any CPU.Build.0 = Release|Any CPU
		{89852BC4-A6ED-4D21-9EEC-5EC28E6DC34B}.Debug|Any CPU.ActiveCfg = Debug|Any CPU
		{89852BC4-A6ED-4D21-9EEC-5EC28E6DC34B}.Debug|Any CPU.Build.0 = Debug|Any CPU
		{89852BC4-A6ED-4D21-9EEC-5EC28E6DC34B}.Release|Any CPU.ActiveCfg = Release|Any CPU
		{89852BC4-A6ED-4D21-9EEC-5EC28E6DC34B}.Release|Any CPU.Build.0 = Release|Any CPU
	EndGlobalSection
	GlobalSection(SolutionProperties) = preSolution
		HideSolutionNode = FALSE
	EndGlobalSection
	GlobalSection(NestedProjects) = preSolution
		{4819275C-1F48-4888-90E9-C64890E8AE3C} = {C1EE6B29-BD44-43C1-9C6D-884F443A5549}
		{DFC7AAF0-7A5B-4DAD-BC34-3C84833F6B4C} = {F2CD067D-8A6F-4903-9658-34E64AB3893A}
		{18F75423-CC84-4487-8376-2B447E899D35} = {F2CD067D-8A6F-4903-9658-34E64AB3893A}
		{53A5D15A-070F-4E1E-B7A6-BF44D3A128E2} = {F2CD067D-8A6F-4903-9658-34E64AB3893A}
		{B63E36D4-5521-46BC-8F8C-B68BEA60344B} = {F2CD067D-8A6F-4903-9658-34E64AB3893A}
		{F2CD067D-8A6F-4903-9658-34E64AB3893A} = {4819275C-1F48-4888-90E9-C64890E8AE3C}
		{4A24E74B-44C2-41B6-8173-A7B90F1634C4} = {4819275C-1F48-4888-90E9-C64890E8AE3C}
		{9CBD28E1-4DF4-4743-B33C-0D714EFF785C} = {4A24E74B-44C2-41B6-8173-A7B90F1634C4}
		{ABB60129-F63B-4A77-BDE9-49EA1C450AD7} = {4A24E74B-44C2-41B6-8173-A7B90F1634C4}
		{A68B298B-3C0F-466D-ABD6-C832079F49F4} = {4A24E74B-44C2-41B6-8173-A7B90F1634C4}
		{EEA205C5-3367-4CCA-AA76-94B9C32E017F} = {4A24E74B-44C2-41B6-8173-A7B90F1634C4}
		{1C0F21C1-9572-43F8-8012-01C360EC2CD4} = {C1EE6B29-BD44-43C1-9C6D-884F443A5549}
		{2C7EF1F4-7AF0-4E98-92F2-7EBFB85A7452} = {1C0F21C1-9572-43F8-8012-01C360EC2CD4}
		{89852BC4-A6ED-4D21-9EEC-5EC28E6DC34B} = {1C0F21C1-9572-43F8-8012-01C360EC2CD4}
	EndGlobalSection
	GlobalSection(ExtensibilityGlobals) = postSolution
		SolutionGuid = {C9704D7A-3F1B-4A03-AE09-E42262D1F8B1}
	EndGlobalSection
EndGlobal
